// !$*UTF8*$!
{
	archiveVersion = 1;
	classes = {
	};
	objectVersion = 46;
	objects = {

/* Begin PBXBuildFile section */
		3FB9842E408D813BD5CF1B5A /* Pods_Patroni_Ulic.framework in Frameworks */ = {isa = PBXBuildFile; fileRef = AE068AA4788A2A441D4F15EF /* Pods_Patroni_Ulic.framework */; };
		620D432E1DBBE13100E2550B /* Launch Screen.storyboard in Resources */ = {isa = PBXBuildFile; fileRef = 620D432D1DBBE13100E2550B /* Launch Screen.storyboard */; };
		6254825B1DAC446B00712117 /* AppDelegate.swift in Sources */ = {isa = PBXBuildFile; fileRef = 6254825A1DAC446B00712117 /* AppDelegate.swift */; };
		6254825D1DAC446B00712117 /* MainViewController.swift in Sources */ = {isa = PBXBuildFile; fileRef = 6254825C1DAC446B00712117 /* MainViewController.swift */; };
		625482621DAC446B00712117 /* Assets.xcassets in Resources */ = {isa = PBXBuildFile; fileRef = 625482611DAC446B00712117 /* Assets.xcassets */; };
		625482701DAC446B00712117 /* patroniUlicTests.swift in Sources */ = {isa = PBXBuildFile; fileRef = 6254826F1DAC446B00712117 /* patroniUlicTests.swift */; };
		6254827B1DAC446B00712117 /* patroniUlicUITests.swift in Sources */ = {isa = PBXBuildFile; fileRef = 6254827A1DAC446B00712117 /* patroniUlicUITests.swift */; };
		62F093621DB2B6EE0021FC98 /* Extensions.swift in Sources */ = {isa = PBXBuildFile; fileRef = 62F093611DB2B6EE0021FC98 /* Extensions.swift */; };
/* End PBXBuildFile section */

/* Begin PBXContainerItemProxy section */
		6254826C1DAC446B00712117 /* PBXContainerItemProxy */ = {
			isa = PBXContainerItemProxy;
			containerPortal = 6254824F1DAC446A00712117 /* Project object */;
			proxyType = 1;
			remoteGlobalIDString = 625482561DAC446A00712117;
			remoteInfo = patroniUlic;
		};
		625482771DAC446B00712117 /* PBXContainerItemProxy */ = {
			isa = PBXContainerItemProxy;
			containerPortal = 6254824F1DAC446A00712117 /* Project object */;
			proxyType = 1;
			remoteGlobalIDString = 625482561DAC446A00712117;
			remoteInfo = patroniUlic;
		};
/* End PBXContainerItemProxy section */

/* Begin PBXFileReference section */
		1DC7B5F5A7537CFD1F327362 /* Pods-Patroni Ulic.release.xcconfig */ = {isa = PBXFileReference; includeInIndex = 1; lastKnownFileType = text.xcconfig; name = "Pods-Patroni Ulic.release.xcconfig"; path = "Pods/Target Support Files/Pods-Patroni Ulic/Pods-Patroni Ulic.release.xcconfig"; sourceTree = "<group>"; };
		25D80B3B410C7AC54E6A17EC /* Pods-Patroni Ulic.debug.xcconfig */ = {isa = PBXFileReference; includeInIndex = 1; lastKnownFileType = text.xcconfig; name = "Pods-Patroni Ulic.debug.xcconfig"; path = "Pods/Target Support Files/Pods-Patroni Ulic/Pods-Patroni Ulic.debug.xcconfig"; sourceTree = "<group>"; };
		2663D11BD7D9EC9048ED0D4F /* Pods_patroniUlicUITests.framework */ = {isa = PBXFileReference; explicitFileType = wrapper.framework; includeInIndex = 0; path = Pods_patroniUlicUITests.framework; sourceTree = BUILT_PRODUCTS_DIR; };
		3B53E0995E0B52A31525E4FC /* Pods-patroniUlic.release.xcconfig */ = {isa = PBXFileReference; includeInIndex = 1; lastKnownFileType = text.xcconfig; name = "Pods-patroniUlic.release.xcconfig"; path = "Pods/Target Support Files/Pods-patroniUlic/Pods-patroniUlic.release.xcconfig"; sourceTree = "<group>"; };
		620D432D1DBBE13100E2550B /* Launch Screen.storyboard */ = {isa = PBXFileReference; fileEncoding = 4; lastKnownFileType = file.storyboard; name = "Launch Screen.storyboard"; path = "../Launch Screen.storyboard"; sourceTree = "<group>"; };
		625482571DAC446B00712117 /* Patroni Ulic.app */ = {isa = PBXFileReference; explicitFileType = wrapper.application; includeInIndex = 0; path = "Patroni Ulic.app"; sourceTree = BUILT_PRODUCTS_DIR; };
		6254825A1DAC446B00712117 /* AppDelegate.swift */ = {isa = PBXFileReference; lastKnownFileType = sourcecode.swift; path = AppDelegate.swift; sourceTree = "<group>"; };
		6254825C1DAC446B00712117 /* MainViewController.swift */ = {isa = PBXFileReference; lastKnownFileType = sourcecode.swift; path = MainViewController.swift; sourceTree = "<group>"; };
		625482611DAC446B00712117 /* Assets.xcassets */ = {isa = PBXFileReference; lastKnownFileType = folder.assetcatalog; path = Assets.xcassets; sourceTree = "<group>"; };
		625482661DAC446B00712117 /* Info.plist */ = {isa = PBXFileReference; lastKnownFileType = text.plist.xml; path = Info.plist; sourceTree = "<group>"; };
		6254826B1DAC446B00712117 /* Patroni UlicTests.xctest */ = {isa = PBXFileReference; explicitFileType = wrapper.cfbundle; includeInIndex = 0; path = "Patroni UlicTests.xctest"; sourceTree = BUILT_PRODUCTS_DIR; };
		6254826F1DAC446B00712117 /* patroniUlicTests.swift */ = {isa = PBXFileReference; lastKnownFileType = sourcecode.swift; path = patroniUlicTests.swift; sourceTree = "<group>"; };
		625482711DAC446B00712117 /* Info.plist */ = {isa = PBXFileReference; lastKnownFileType = text.plist.xml; path = Info.plist; sourceTree = "<group>"; };
		625482761DAC446B00712117 /* Patroni UlicUITests.xctest */ = {isa = PBXFileReference; explicitFileType = wrapper.cfbundle; includeInIndex = 0; path = "Patroni UlicUITests.xctest"; sourceTree = BUILT_PRODUCTS_DIR; };
		6254827A1DAC446B00712117 /* patroniUlicUITests.swift */ = {isa = PBXFileReference; lastKnownFileType = sourcecode.swift; path = patroniUlicUITests.swift; sourceTree = "<group>"; };
		6254827C1DAC446B00712117 /* Info.plist */ = {isa = PBXFileReference; lastKnownFileType = text.plist.xml; path = Info.plist; sourceTree = "<group>"; };
		62F093611DB2B6EE0021FC98 /* Extensions.swift */ = {isa = PBXFileReference; fileEncoding = 4; lastKnownFileType = sourcecode.swift; path = Extensions.swift; sourceTree = "<group>"; };
		AE068AA4788A2A441D4F15EF /* Pods_Patroni_Ulic.framework */ = {isa = PBXFileReference; explicitFileType = wrapper.framework; includeInIndex = 0; path = Pods_Patroni_Ulic.framework; sourceTree = BUILT_PRODUCTS_DIR; };
		C4CC4C27B8C58DD450FD114A /* Pods-patroniUlic.debug.xcconfig */ = {isa = PBXFileReference; includeInIndex = 1; lastKnownFileType = text.xcconfig; name = "Pods-patroniUlic.debug.xcconfig"; path = "Pods/Target Support Files/Pods-patroniUlic/Pods-patroniUlic.debug.xcconfig"; sourceTree = "<group>"; };
		D0A4081268887353CC035A81 /* Pods_patroniUlic.framework */ = {isa = PBXFileReference; explicitFileType = wrapper.framework; includeInIndex = 0; path = Pods_patroniUlic.framework; sourceTree = BUILT_PRODUCTS_DIR; };
		EA8F459939AB3B8D3C173BB0 /* Pods_patroniUlicTests.framework */ = {isa = PBXFileReference; explicitFileType = wrapper.framework; includeInIndex = 0; path = Pods_patroniUlicTests.framework; sourceTree = BUILT_PRODUCTS_DIR; };
/* End PBXFileReference section */

/* Begin PBXFrameworksBuildPhase section */
		625482541DAC446A00712117 /* Frameworks */ = {
			isa = PBXFrameworksBuildPhase;
			buildActionMask = 2147483647;
			files = (
				3FB9842E408D813BD5CF1B5A /* Pods_Patroni_Ulic.framework in Frameworks */,
			);
			runOnlyForDeploymentPostprocessing = 0;
		};
		625482681DAC446B00712117 /* Frameworks */ = {
			isa = PBXFrameworksBuildPhase;
			buildActionMask = 2147483647;
			files = (
			);
			runOnlyForDeploymentPostprocessing = 0;
		};
		625482731DAC446B00712117 /* Frameworks */ = {
			isa = PBXFrameworksBuildPhase;
			buildActionMask = 2147483647;
			files = (
			);
			runOnlyForDeploymentPostprocessing = 0;
		};
/* End PBXFrameworksBuildPhase section */

/* Begin PBXGroup section */
		1DCE04226AE96E1C0E0B31F4 /* Pods */ = {
			isa = PBXGroup;
			children = (
				C4CC4C27B8C58DD450FD114A /* Pods-patroniUlic.debug.xcconfig */,
				3B53E0995E0B52A31525E4FC /* Pods-patroniUlic.release.xcconfig */,
				25D80B3B410C7AC54E6A17EC /* Pods-Patroni Ulic.debug.xcconfig */,
				1DC7B5F5A7537CFD1F327362 /* Pods-Patroni Ulic.release.xcconfig */,
			);
			name = Pods;
			sourceTree = "<group>";
		};
		6254824E1DAC446A00712117 = {
			isa = PBXGroup;
			children = (
				625482591DAC446B00712117 /* patroniUlic */,
				6254826E1DAC446B00712117 /* patroniUlicTests */,
				625482791DAC446B00712117 /* patroniUlicUITests */,
				625482581DAC446B00712117 /* Products */,
				1DCE04226AE96E1C0E0B31F4 /* Pods */,
				AE831012D9458D9FBB8A668B /* Frameworks */,
			);
			sourceTree = "<group>";
		};
		625482581DAC446B00712117 /* Products */ = {
			isa = PBXGroup;
			children = (
				625482571DAC446B00712117 /* Patroni Ulic.app */,
				6254826B1DAC446B00712117 /* Patroni UlicTests.xctest */,
				625482761DAC446B00712117 /* Patroni UlicUITests.xctest */,
			);
			name = Products;
			sourceTree = "<group>";
		};
		625482591DAC446B00712117 /* patroniUlic */ = {
			isa = PBXGroup;
			children = (
				6254825A1DAC446B00712117 /* AppDelegate.swift */,
				6254825C1DAC446B00712117 /* MainViewController.swift */,
				62F093611DB2B6EE0021FC98 /* Extensions.swift */,
				625482611DAC446B00712117 /* Assets.xcassets */,
				620D432D1DBBE13100E2550B /* Launch Screen.storyboard */,
				625482661DAC446B00712117 /* Info.plist */,
			);
			path = patroniUlic;
			sourceTree = "<group>";
		};
		6254826E1DAC446B00712117 /* patroniUlicTests */ = {
			isa = PBXGroup;
			children = (
				6254826F1DAC446B00712117 /* patroniUlicTests.swift */,
				625482711DAC446B00712117 /* Info.plist */,
			);
			path = patroniUlicTests;
			sourceTree = "<group>";
		};
		625482791DAC446B00712117 /* patroniUlicUITests */ = {
			isa = PBXGroup;
			children = (
				6254827A1DAC446B00712117 /* patroniUlicUITests.swift */,
				6254827C1DAC446B00712117 /* Info.plist */,
			);
			path = patroniUlicUITests;
			sourceTree = "<group>";
		};
		AE831012D9458D9FBB8A668B /* Frameworks */ = {
			isa = PBXGroup;
			children = (
				D0A4081268887353CC035A81 /* Pods_patroniUlic.framework */,
				EA8F459939AB3B8D3C173BB0 /* Pods_patroniUlicTests.framework */,
				2663D11BD7D9EC9048ED0D4F /* Pods_patroniUlicUITests.framework */,
				AE068AA4788A2A441D4F15EF /* Pods_Patroni_Ulic.framework */,
			);
			name = Frameworks;
			sourceTree = "<group>";
		};
/* End PBXGroup section */

/* Begin PBXNativeTarget section */
		625482561DAC446A00712117 /* Patroni Ulic */ = {
			isa = PBXNativeTarget;
			buildConfigurationList = 6254827F1DAC446B00712117 /* Build configuration list for PBXNativeTarget "Patroni Ulic" */;
			buildPhases = (
				C65434319FFAD4B24B472B6A /* 📦 Check Pods Manifest.lock */,
				625482531DAC446A00712117 /* Sources */,
				625482541DAC446A00712117 /* Frameworks */,
				625482551DAC446A00712117 /* Resources */,
				1894F0465132A3997733E5B4 /* 📦 Embed Pods Frameworks */,
				76B2BAD15465DC9E6830C5D1 /* 📦 Copy Pods Resources */,
			);
			buildRules = (
			);
			dependencies = (
			);
			name = "Patroni Ulic";
			productName = patroniUlic;
			productReference = 625482571DAC446B00712117 /* Patroni Ulic.app */;
			productType = "com.apple.product-type.application";
		};
		6254826A1DAC446B00712117 /* Patroni UlicTests */ = {
			isa = PBXNativeTarget;
			buildConfigurationList = 625482821DAC446B00712117 /* Build configuration list for PBXNativeTarget "Patroni UlicTests" */;
			buildPhases = (
				625482671DAC446B00712117 /* Sources */,
				625482681DAC446B00712117 /* Frameworks */,
				625482691DAC446B00712117 /* Resources */,
			);
			buildRules = (
			);
			dependencies = (
				6254826D1DAC446B00712117 /* PBXTargetDependency */,
			);
			name = "Patroni UlicTests";
			productName = patroniUlicTests;
			productReference = 6254826B1DAC446B00712117 /* Patroni UlicTests.xctest */;
			productType = "com.apple.product-type.bundle.unit-test";
		};
		625482751DAC446B00712117 /* Patroni UlicUITests */ = {
			isa = PBXNativeTarget;
			buildConfigurationList = 625482851DAC446B00712117 /* Build configuration list for PBXNativeTarget "Patroni UlicUITests" */;
			buildPhases = (
				625482721DAC446B00712117 /* Sources */,
				625482731DAC446B00712117 /* Frameworks */,
				625482741DAC446B00712117 /* Resources */,
			);
			buildRules = (
			);
			dependencies = (
				625482781DAC446B00712117 /* PBXTargetDependency */,
			);
			name = "Patroni UlicUITests";
			productName = patroniUlicUITests;
			productReference = 625482761DAC446B00712117 /* Patroni UlicUITests.xctest */;
			productType = "com.apple.product-type.bundle.ui-testing";
		};
/* End PBXNativeTarget section */

/* Begin PBXProject section */
		6254824F1DAC446A00712117 /* Project object */ = {
			isa = PBXProject;
			attributes = {
				LastSwiftUpdateCheck = 0800;
				LastUpgradeCheck = 0800;
				ORGANIZATIONNAME = "Michal Ciesielski";
				TargetAttributes = {
					625482561DAC446A00712117 = {
						CreatedOnToolsVersion = 8.0;
						DevelopmentTeam = 4V9FNC79Z9;
						ProvisioningStyle = Automatic;
					};
					6254826A1DAC446B00712117 = {
						CreatedOnToolsVersion = 8.0;
						DevelopmentTeam = 4V9FNC79Z9;
						ProvisioningStyle = Automatic;
						TestTargetID = 625482561DAC446A00712117;
					};
					625482751DAC446B00712117 = {
						CreatedOnToolsVersion = 8.0;
						DevelopmentTeam = 4V9FNC79Z9;
						ProvisioningStyle = Automatic;
						TestTargetID = 625482561DAC446A00712117;
					};
				};
			};
			buildConfigurationList = 625482521DAC446A00712117 /* Build configuration list for PBXProject "Patroni Ulic" */;
			compatibilityVersion = "Xcode 3.2";
			developmentRegion = English;
			hasScannedForEncodings = 0;
			knownRegions = (
				en,
				Base,
			);
			mainGroup = 6254824E1DAC446A00712117;
			productRefGroup = 625482581DAC446B00712117 /* Products */;
			projectDirPath = "";
			projectRoot = "";
			targets = (
				625482561DAC446A00712117 /* Patroni Ulic */,
				6254826A1DAC446B00712117 /* Patroni UlicTests */,
				625482751DAC446B00712117 /* Patroni UlicUITests */,
			);
		};
/* End PBXProject section */

/* Begin PBXResourcesBuildPhase section */
		625482551DAC446A00712117 /* Resources */ = {
			isa = PBXResourcesBuildPhase;
			buildActionMask = 2147483647;
			files = (
				620D432E1DBBE13100E2550B /* Launch Screen.storyboard in Resources */,
				625482621DAC446B00712117 /* Assets.xcassets in Resources */,
			);
			runOnlyForDeploymentPostprocessing = 0;
		};
		625482691DAC446B00712117 /* Resources */ = {
			isa = PBXResourcesBuildPhase;
			buildActionMask = 2147483647;
			files = (
			);
			runOnlyForDeploymentPostprocessing = 0;
		};
		625482741DAC446B00712117 /* Resources */ = {
			isa = PBXResourcesBuildPhase;
			buildActionMask = 2147483647;
			files = (
			);
			runOnlyForDeploymentPostprocessing = 0;
		};
/* End PBXResourcesBuildPhase section */

/* Begin PBXShellScriptBuildPhase section */
		1894F0465132A3997733E5B4 /* 📦 Embed Pods Frameworks */ = {
			isa = PBXShellScriptBuildPhase;
			buildActionMask = 2147483647;
			files = (
			);
			inputPaths = (
			);
			name = "📦 Embed Pods Frameworks";
			outputPaths = (
			);
			runOnlyForDeploymentPostprocessing = 0;
			shellPath = /bin/sh;
			shellScript = "\"${SRCROOT}/Pods/Target Support Files/Pods-Patroni Ulic/Pods-Patroni Ulic-frameworks.sh\"\n";
			showEnvVarsInLog = 0;
		};
		76B2BAD15465DC9E6830C5D1 /* 📦 Copy Pods Resources */ = {
			isa = PBXShellScriptBuildPhase;
			buildActionMask = 2147483647;
			files = (
			);
			inputPaths = (
			);
			name = "📦 Copy Pods Resources";
			outputPaths = (
			);
			runOnlyForDeploymentPostprocessing = 0;
			shellPath = /bin/sh;
			shellScript = "\"${SRCROOT}/Pods/Target Support Files/Pods-Patroni Ulic/Pods-Patroni Ulic-resources.sh\"\n";
			showEnvVarsInLog = 0;
		};
		C65434319FFAD4B24B472B6A /* 📦 Check Pods Manifest.lock */ = {
			isa = PBXShellScriptBuildPhase;
			buildActionMask = 2147483647;
			files = (
			);
			inputPaths = (
			);
			name = "📦 Check Pods Manifest.lock";
			outputPaths = (
			);
			runOnlyForDeploymentPostprocessing = 0;
			shellPath = /bin/sh;
			shellScript = "diff \"${PODS_ROOT}/../Podfile.lock\" \"${PODS_ROOT}/Manifest.lock\" > /dev/null\nif [[ $? != 0 ]] ; then\n    cat << EOM\nerror: The sandbox is not in sync with the Podfile.lock. Run 'pod install' or update your CocoaPods installation.\nEOM\n    exit 1\nfi\n";
			showEnvVarsInLog = 0;
		};
/* End PBXShellScriptBuildPhase section */

/* Begin PBXSourcesBuildPhase section */
		625482531DAC446A00712117 /* Sources */ = {
			isa = PBXSourcesBuildPhase;
			buildActionMask = 2147483647;
			files = (
				6254825D1DAC446B00712117 /* MainViewController.swift in Sources */,
				62F093621DB2B6EE0021FC98 /* Extensions.swift in Sources */,
				6254825B1DAC446B00712117 /* AppDelegate.swift in Sources */,
			);
			runOnlyForDeploymentPostprocessing = 0;
		};
		625482671DAC446B00712117 /* Sources */ = {
			isa = PBXSourcesBuildPhase;
			buildActionMask = 2147483647;
			files = (
				625482701DAC446B00712117 /* patroniUlicTests.swift in Sources */,
			);
			runOnlyForDeploymentPostprocessing = 0;
		};
		625482721DAC446B00712117 /* Sources */ = {
			isa = PBXSourcesBuildPhase;
			buildActionMask = 2147483647;
			files = (
				6254827B1DAC446B00712117 /* patroniUlicUITests.swift in Sources */,
			);
			runOnlyForDeploymentPostprocessing = 0;
		};
/* End PBXSourcesBuildPhase section */

/* Begin PBXTargetDependency section */
		6254826D1DAC446B00712117 /* PBXTargetDependency */ = {
			isa = PBXTargetDependency;
			target = 625482561DAC446A00712117 /* Patroni Ulic */;
			targetProxy = 6254826C1DAC446B00712117 /* PBXContainerItemProxy */;
		};
		625482781DAC446B00712117 /* PBXTargetDependency */ = {
			isa = PBXTargetDependency;
			target = 625482561DAC446A00712117 /* Patroni Ulic */;
			targetProxy = 625482771DAC446B00712117 /* PBXContainerItemProxy */;
		};
/* End PBXTargetDependency section */

/* Begin XCBuildConfiguration section */
		6254827D1DAC446B00712117 /* Debug */ = {
			isa = XCBuildConfiguration;
			buildSettings = {
				ALWAYS_SEARCH_USER_PATHS = NO;
				CLANG_ANALYZER_NONNULL = YES;
				CLANG_CXX_LANGUAGE_STANDARD = "gnu++0x";
				CLANG_CXX_LIBRARY = "libc++";
				CLANG_ENABLE_MODULES = YES;
				CLANG_ENABLE_OBJC_ARC = YES;
				CLANG_WARN_BOOL_CONVERSION = YES;
				CLANG_WARN_CONSTANT_CONVERSION = YES;
				CLANG_WARN_DIRECT_OBJC_ISA_USAGE = YES_ERROR;
				CLANG_WARN_DOCUMENTATION_COMMENTS = YES;
				CLANG_WARN_EMPTY_BODY = YES;
				CLANG_WARN_ENUM_CONVERSION = YES;
				CLANG_WARN_INFINITE_RECURSION = YES;
				CLANG_WARN_INT_CONVERSION = YES;
				CLANG_WARN_OBJC_ROOT_CLASS = YES_ERROR;
				CLANG_WARN_SUSPICIOUS_MOVE = YES;
				CLANG_WARN_SUSPICIOUS_MOVES = YES;
				CLANG_WARN_UNREACHABLE_CODE = YES;
				CLANG_WARN__DUPLICATE_METHOD_MATCH = YES;
				"CODE_SIGN_IDENTITY[sdk=iphoneos*]" = "iPhone Developer";
				COPY_PHASE_STRIP = NO;
				DEBUG_INFORMATION_FORMAT = dwarf;
				ENABLE_STRICT_OBJC_MSGSEND = YES;
				ENABLE_TESTABILITY = YES;
				GCC_C_LANGUAGE_STANDARD = gnu99;
				GCC_DYNAMIC_NO_PIC = NO;
				GCC_NO_COMMON_BLOCKS = YES;
				GCC_OPTIMIZATION_LEVEL = 0;
				GCC_PREPROCESSOR_DEFINITIONS = (
					"DEBUG=1",
					"$(inherited)",
				);
				GCC_WARN_64_TO_32_BIT_CONVERSION = YES;
				GCC_WARN_ABOUT_RETURN_TYPE = YES_ERROR;
				GCC_WARN_UNDECLARED_SELECTOR = YES;
				GCC_WARN_UNINITIALIZED_AUTOS = YES_AGGRESSIVE;
				GCC_WARN_UNUSED_FUNCTION = YES;
				GCC_WARN_UNUSED_VARIABLE = YES;
				IPHONEOS_DEPLOYMENT_TARGET = 10.0;
				MTL_ENABLE_DEBUG_INFO = YES;
				ONLY_ACTIVE_ARCH = YES;
				SDKROOT = iphoneos;
				SWIFT_ACTIVE_COMPILATION_CONDITIONS = DEBUG;
				SWIFT_OBJC_BRIDGING_HEADER = "Patroni_Ulic-Bridging-Header.h";
				SWIFT_OPTIMIZATION_LEVEL = "-Onone";
				TARGETED_DEVICE_FAMILY = "1,2";
			};
			name = Debug;
		};
		6254827E1DAC446B00712117 /* Release */ = {
			isa = XCBuildConfiguration;
			buildSettings = {
				ALWAYS_SEARCH_USER_PATHS = NO;
				CLANG_ANALYZER_NONNULL = YES;
				CLANG_CXX_LANGUAGE_STANDARD = "gnu++0x";
				CLANG_CXX_LIBRARY = "libc++";
				CLANG_ENABLE_MODULES = YES;
				CLANG_ENABLE_OBJC_ARC = YES;
				CLANG_WARN_BOOL_CONVERSION = YES;
				CLANG_WARN_CONSTANT_CONVERSION = YES;
				CLANG_WARN_DIRECT_OBJC_ISA_USAGE = YES_ERROR;
				CLANG_WARN_DOCUMENTATION_COMMENTS = YES;
				CLANG_WARN_EMPTY_BODY = YES;
				CLANG_WARN_ENUM_CONVERSION = YES;
				CLANG_WARN_INFINITE_RECURSION = YES;
				CLANG_WARN_INT_CONVERSION = YES;
				CLANG_WARN_OBJC_ROOT_CLASS = YES_ERROR;
				CLANG_WARN_SUSPICIOUS_MOVE = YES;
				CLANG_WARN_SUSPICIOUS_MOVES = YES;
				CLANG_WARN_UNREACHABLE_CODE = YES;
				CLANG_WARN__DUPLICATE_METHOD_MATCH = YES;
				"CODE_SIGN_IDENTITY[sdk=iphoneos*]" = "iPhone Developer";
				COPY_PHASE_STRIP = NO;
				DEBUG_INFORMATION_FORMAT = "dwarf-with-dsym";
				ENABLE_NS_ASSERTIONS = NO;
				ENABLE_STRICT_OBJC_MSGSEND = YES;
				GCC_C_LANGUAGE_STANDARD = gnu99;
				GCC_NO_COMMON_BLOCKS = YES;
				GCC_WARN_64_TO_32_BIT_CONVERSION = YES;
				GCC_WARN_ABOUT_RETURN_TYPE = YES_ERROR;
				GCC_WARN_UNDECLARED_SELECTOR = YES;
				GCC_WARN_UNINITIALIZED_AUTOS = YES_AGGRESSIVE;
				GCC_WARN_UNUSED_FUNCTION = YES;
				GCC_WARN_UNUSED_VARIABLE = YES;
				IPHONEOS_DEPLOYMENT_TARGET = 10.0;
				MTL_ENABLE_DEBUG_INFO = NO;
				SDKROOT = iphoneos;
				SWIFT_OBJC_BRIDGING_HEADER = "Patroni_Ulic-Bridging-Header.h";
				SWIFT_OPTIMIZATION_LEVEL = "-Owholemodule";
				TARGETED_DEVICE_FAMILY = "1,2";
				VALIDATE_PRODUCT = YES;
			};
			name = Release;
		};
		625482801DAC446B00712117 /* Debug */ = {
			isa = XCBuildConfiguration;
			baseConfigurationReference = 25D80B3B410C7AC54E6A17EC /* Pods-Patroni Ulic.debug.xcconfig */;
			buildSettings = {
				ASSETCATALOG_COMPILER_APPICON_NAME = AppIcon;
				DEVELOPMENT_TEAM = 4V9FNC79Z9;
				FRAMEWORK_SEARCH_PATHS = (
					"$(inherited)",
					"$(PROJECT_DIR)/patroniUlic/HockeySDK.embeddedframework",
				);
				INFOPLIST_FILE = patroniUlic/Info.plist;
				IPHONEOS_DEPLOYMENT_TARGET = 10.0;
				LD_RUNPATH_SEARCH_PATHS = "$(inherited) @executable_path/Frameworks";
				PRODUCT_BUNDLE_IDENTIFIER = com.pjm.patroniUlic;
				PRODUCT_NAME = "$(TARGET_NAME)";
				SWIFT_OBJC_BRIDGING_HEADER = "Patroni_Ulic-Bridging-Header.h";
				SWIFT_VERSION = 3.0;
				TARGETED_DEVICE_FAMILY = 1;
			};
			name = Debug;
		};
		625482811DAC446B00712117 /* Release */ = {
			isa = XCBuildConfiguration;
			baseConfigurationReference = 1DC7B5F5A7537CFD1F327362 /* Pods-Patroni Ulic.release.xcconfig */;
			buildSettings = {
				ASSETCATALOG_COMPILER_APPICON_NAME = AppIcon;
				DEVELOPMENT_TEAM = 4V9FNC79Z9;
				FRAMEWORK_SEARCH_PATHS = (
					"$(inherited)",
					"$(PROJECT_DIR)/patroniUlic/HockeySDK.embeddedframework",
				);
				INFOPLIST_FILE = patroniUlic/Info.plist;
				IPHONEOS_DEPLOYMENT_TARGET = 10.0;
				LD_RUNPATH_SEARCH_PATHS = "$(inherited) @executable_path/Frameworks";
				PRODUCT_BUNDLE_IDENTIFIER = com.pjm.patroniUlic;
				PRODUCT_NAME = "$(TARGET_NAME)";
				SWIFT_OBJC_BRIDGING_HEADER = "Patroni_Ulic-Bridging-Header.h";
				SWIFT_VERSION = 3.0;
				TARGETED_DEVICE_FAMILY = 1;
			};
			name = Release;
		};
		625482831DAC446B00712117 /* Debug */ = {
			isa = XCBuildConfiguration;
			buildSettings = {
				ALWAYS_EMBED_SWIFT_STANDARD_LIBRARIES = YES;
				BUNDLE_LOADER = "$(TEST_HOST)";
				DEVELOPMENT_TEAM = 4V9FNC79Z9;
				INFOPLIST_FILE = patroniUlicTests/Info.plist;
				LD_RUNPATH_SEARCH_PATHS = "$(inherited) @executable_path/Frameworks @loader_path/Frameworks";
				PRODUCT_BUNDLE_IDENTIFIER = com.pjm.patroniUlicTests;
				PRODUCT_NAME = "$(TARGET_NAME)";
				SWIFT_VERSION = 3.0;
				TEST_HOST = "$(BUILT_PRODUCTS_DIR)/Patroni Ulic.app/Patroni Ulic";
			};
			name = Debug;
		};
		625482841DAC446B00712117 /* Release */ = {
			isa = XCBuildConfiguration;
			buildSettings = {
				ALWAYS_EMBED_SWIFT_STANDARD_LIBRARIES = YES;
				BUNDLE_LOADER = "$(TEST_HOST)";
				DEVELOPMENT_TEAM = 4V9FNC79Z9;
				INFOPLIST_FILE = patroniUlicTests/Info.plist;
				LD_RUNPATH_SEARCH_PATHS = "$(inherited) @executable_path/Frameworks @loader_path/Frameworks";
				PRODUCT_BUNDLE_IDENTIFIER = com.pjm.patroniUlicTests;
				PRODUCT_NAME = "$(TARGET_NAME)";
				SWIFT_VERSION = 3.0;
				TEST_HOST = "$(BUILT_PRODUCTS_DIR)/Patroni Ulic.app/Patroni Ulic";
			};
			name = Release;
		};
		625482861DAC446B00712117 /* Debug */ = {
			isa = XCBuildConfiguration;
			buildSettings = {
				ALWAYS_EMBED_SWIFT_STANDARD_LIBRARIES = YES;
				DEVELOPMENT_TEAM = 4V9FNC79Z9;
				INFOPLIST_FILE = patroniUlicUITests/Info.plist;
				LD_RUNPATH_SEARCH_PATHS = "$(inherited) @executable_path/Frameworks @loader_path/Frameworks";
				PRODUCT_BUNDLE_IDENTIFIER = com.pjm.patroniUlicUITests;
				PRODUCT_NAME = "$(TARGET_NAME)";
				SWIFT_VERSION = 3.0;
				TEST_TARGET_NAME = patroniUlic;
			};
			name = Debug;
		};
		625482871DAC446B00712117 /* Release */ = {
			isa = XCBuildConfiguration;
			buildSettings = {
				ALWAYS_EMBED_SWIFT_STANDARD_LIBRARIES = YES;
				DEVELOPMENT_TEAM = 4V9FNC79Z9;
				INFOPLIST_FILE = patroniUlicUITests/Info.plist;
				LD_RUNPATH_SEARCH_PATHS = "$(inherited) @executable_path/Frameworks @loader_path/Frameworks";
				PRODUCT_BUNDLE_IDENTIFIER = com.pjm.patroniUlicUITests;
				PRODUCT_NAME = "$(TARGET_NAME)";
				SWIFT_VERSION = 3.0;
				TEST_TARGET_NAME = patroniUlic;
			};
			name = Release;
		};
/* End XCBuildConfiguration section */

/* Begin XCConfigurationList section */
		625482521DAC446A00712117 /* Build configuration list for PBXProject "Patroni Ulic" */ = {
			isa = XCConfigurationList;
			buildConfigurations = (
				6254827D1DAC446B00712117 /* Debug */,
				6254827E1DAC446B00712117 /* Release */,
			);
			defaultConfigurationIsVisible = 0;
			defaultConfigurationName = Release;
		};
		6254827F1DAC446B00712117 /* Build configuration list for PBXNativeTarget "Patroni Ulic" */ = {
			isa = XCConfigurationList;
			buildConfigurations = (
				625482801DAC446B00712117 /* Debug */,
				625482811DAC446B00712117 /* Release */,
			);
			defaultConfigurationIsVisible = 0;
			defaultConfigurationName = Release;
		};
		625482821DAC446B00712117 /* Build configuration list for PBXNativeTarget "Patroni UlicTests" */ = {
			isa = XCConfigurationList;
			buildConfigurations = (
				625482831DAC446B00712117 /* Debug */,
				625482841DAC446B00712117 /* Release */,
			);
			defaultConfigurationIsVisible = 0;
			defaultConfigurationName = Release;
		};
		625482851DAC446B00712117 /* Build configuration list for PBXNativeTarget "Patroni UlicUITests" */ = {
			isa = XCConfigurationList;
			buildConfigurations = (
				625482861DAC446B00712117 /* Debug */,
				625482871DAC446B00712117 /* Release */,
			);
			defaultConfigurationIsVisible = 0;
			defaultConfigurationName = Release;
		};
/* End XCConfigurationList section */
	};
	rootObject = 6254824F1DAC446A00712117 /* Project object */;
}
